// !$*UTF8*$!
{
	archiveVersion = 1;
	classes = {
	};
	objectVersion = 56;
	objects = {

/* Begin PBXBuildFile section */
		6F03201D2A67B83E00F9971A /* SingleImageViewController.swift in Sources */ = {isa = PBXBuildFile; fileRef = 6F03201C2A67B83E00F9971A /* SingleImageViewController.swift */; };
		6F6852AF2A63E9850060C41E /* ProfileViewController.swift in Sources */ = {isa = PBXBuildFile; fileRef = 6F6852AE2A63E9850060C41E /* ProfileViewController.swift */; };
		6F96537F2A51EFD10050FD02 /* AppDelegate.swift in Sources */ = {isa = PBXBuildFile; fileRef = 6F96537E2A51EFD10050FD02 /* AppDelegate.swift */; };
		6F9653812A51EFD10050FD02 /* SceneDelegate.swift in Sources */ = {isa = PBXBuildFile; fileRef = 6F9653802A51EFD10050FD02 /* SceneDelegate.swift */; };
		6F9653832A51EFD10050FD02 /* ImageListViewController.swift in Sources */ = {isa = PBXBuildFile; fileRef = 6F9653822A51EFD10050FD02 /* ImageListViewController.swift */; };
		6F9653862A51EFD10050FD02 /* Main.storyboard in Resources */ = {isa = PBXBuildFile; fileRef = 6F9653842A51EFD10050FD02 /* Main.storyboard */; };
		6F9653882A51EFD30050FD02 /* Assets.xcassets in Resources */ = {isa = PBXBuildFile; fileRef = 6F9653872A51EFD30050FD02 /* Assets.xcassets */; };
		6F96538B2A51EFD30050FD02 /* LaunchScreen.storyboard in Resources */ = {isa = PBXBuildFile; fileRef = 6F9653892A51EFD30050FD02 /* LaunchScreen.storyboard */; };
		6F9C3B992A65833300FD8090 /* SF-Pro-Text-RegularItalic.otf in Resources */ = {isa = PBXBuildFile; fileRef = 6F9C3B692A65832E00FD8090 /* SF-Pro-Text-RegularItalic.otf */; };
		6F9C3B9A2A65833300FD8090 /* SF-Pro-Display-Medium.otf in Resources */ = {isa = PBXBuildFile; fileRef = 6F9C3B6A2A65832F00FD8090 /* SF-Pro-Display-Medium.otf */; };
		6F9C3B9B2A65833300FD8090 /* SF-Pro-Text-Black.otf in Resources */ = {isa = PBXBuildFile; fileRef = 6F9C3B6B2A65832F00FD8090 /* SF-Pro-Text-Black.otf */; };
		6F9C3B9C2A65833300FD8090 /* SF-Pro-Text-Light.otf in Resources */ = {isa = PBXBuildFile; fileRef = 6F9C3B6C2A65832F00FD8090 /* SF-Pro-Text-Light.otf */; };
		6F9C3B9D2A65833300FD8090 /* SF-Pro-Display-Thin.otf in Resources */ = {isa = PBXBuildFile; fileRef = 6F9C3B6D2A65832F00FD8090 /* SF-Pro-Display-Thin.otf */; };
		6F9C3B9E2A65833300FD8090 /* SF-Pro-Rounded-Ultralight.otf in Resources */ = {isa = PBXBuildFile; fileRef = 6F9C3B6E2A65832F00FD8090 /* SF-Pro-Rounded-Ultralight.otf */; };
		6F9C3B9F2A65833300FD8090 /* SF-Pro-Text-SemiboldItalic.otf in Resources */ = {isa = PBXBuildFile; fileRef = 6F9C3B6F2A65832F00FD8090 /* SF-Pro-Text-SemiboldItalic.otf */; };
		6F9C3BA02A65833300FD8090 /* SF-Pro-Text-UltralightItalic.otf in Resources */ = {isa = PBXBuildFile; fileRef = 6F9C3B702A65832F00FD8090 /* SF-Pro-Text-UltralightItalic.otf */; };
		6F9C3BA12A65833300FD8090 /* SF-Pro-Rounded-Thin.otf in Resources */ = {isa = PBXBuildFile; fileRef = 6F9C3B712A65832F00FD8090 /* SF-Pro-Rounded-Thin.otf */; };
		6F9C3BA22A65833300FD8090 /* SF-Pro-Italic.ttf in Resources */ = {isa = PBXBuildFile; fileRef = 6F9C3B722A65832F00FD8090 /* SF-Pro-Italic.ttf */; };
		6F9C3BA32A65833300FD8090 /* SF-Pro-Display-Heavy.otf in Resources */ = {isa = PBXBuildFile; fileRef = 6F9C3B732A65833000FD8090 /* SF-Pro-Display-Heavy.otf */; };
		6F9C3BA42A65833300FD8090 /* SF-Pro-Rounded-Bold.otf in Resources */ = {isa = PBXBuildFile; fileRef = 6F9C3B742A65833000FD8090 /* SF-Pro-Rounded-Bold.otf */; };
		6F9C3BA52A65833300FD8090 /* SF-Pro-Rounded-Heavy.otf in Resources */ = {isa = PBXBuildFile; fileRef = 6F9C3B752A65833000FD8090 /* SF-Pro-Rounded-Heavy.otf */; };
		6F9C3BA62A65833300FD8090 /* SF-Pro-Display-SemiboldItalic.otf in Resources */ = {isa = PBXBuildFile; fileRef = 6F9C3B762A65833000FD8090 /* SF-Pro-Display-SemiboldItalic.otf */; };
		6F9C3BA72A65833300FD8090 /* SF-Pro-Display-LightItalic.otf in Resources */ = {isa = PBXBuildFile; fileRef = 6F9C3B772A65833000FD8090 /* SF-Pro-Display-LightItalic.otf */; };
		6F9C3BA82A65833300FD8090 /* SF-Pro-Rounded-Regular.otf in Resources */ = {isa = PBXBuildFile; fileRef = 6F9C3B782A65833000FD8090 /* SF-Pro-Rounded-Regular.otf */; };
		6F9C3BA92A65833300FD8090 /* SF-Pro-Display-Bold.otf in Resources */ = {isa = PBXBuildFile; fileRef = 6F9C3B792A65833000FD8090 /* SF-Pro-Display-Bold.otf */; };
		6F9C3BAA2A65833300FD8090 /* SF-Pro-Text-BlackItalic.otf in Resources */ = {isa = PBXBuildFile; fileRef = 6F9C3B7A2A65833000FD8090 /* SF-Pro-Text-BlackItalic.otf */; };
		6F9C3BAB2A65833300FD8090 /* SF-Pro-Text-Thin.otf in Resources */ = {isa = PBXBuildFile; fileRef = 6F9C3B7B2A65833000FD8090 /* SF-Pro-Text-Thin.otf */; };
		6F9C3BAC2A65833300FD8090 /* SF-Pro-Text-Medium.otf in Resources */ = {isa = PBXBuildFile; fileRef = 6F9C3B7C2A65833000FD8090 /* SF-Pro-Text-Medium.otf */; };
		6F9C3BAD2A65833300FD8090 /* SF-Pro-Display-Semibold.otf in Resources */ = {isa = PBXBuildFile; fileRef = 6F9C3B7D2A65833100FD8090 /* SF-Pro-Display-Semibold.otf */; };
		6F9C3BAE2A65833300FD8090 /* SF-Pro-Text-Ultralight.otf in Resources */ = {isa = PBXBuildFile; fileRef = 6F9C3B7E2A65833100FD8090 /* SF-Pro-Text-Ultralight.otf */; };
		6F9C3BAF2A65833300FD8090 /* SF-Pro-Rounded-Medium.otf in Resources */ = {isa = PBXBuildFile; fileRef = 6F9C3B7F2A65833100FD8090 /* SF-Pro-Rounded-Medium.otf */; };
		6F9C3BB02A65833300FD8090 /* SF-Pro-Display-RegularItalic.otf in Resources */ = {isa = PBXBuildFile; fileRef = 6F9C3B802A65833100FD8090 /* SF-Pro-Display-RegularItalic.otf */; };
		6F9C3BB12A65833300FD8090 /* SF-Pro-Display-Ultralight.otf in Resources */ = {isa = PBXBuildFile; fileRef = 6F9C3B812A65833100FD8090 /* SF-Pro-Display-Ultralight.otf */; };
		6F9C3BB22A65833300FD8090 /* SF-Pro-Display-ThinItalic.otf in Resources */ = {isa = PBXBuildFile; fileRef = 6F9C3B822A65833100FD8090 /* SF-Pro-Display-ThinItalic.otf */; };
		6F9C3BB32A65833300FD8090 /* Arial Unicode.ttf in Resources */ = {isa = PBXBuildFile; fileRef = 6F9C3B832A65833100FD8090 /* Arial Unicode.ttf */; };
		6F9C3BB42A65833300FD8090 /* SF-Pro-Text-Regular.otf in Resources */ = {isa = PBXBuildFile; fileRef = 6F9C3B842A65833100FD8090 /* SF-Pro-Text-Regular.otf */; };
		6F9C3BB52A65833300FD8090 /* SF-Pro-Display-UltralightItalic.otf in Resources */ = {isa = PBXBuildFile; fileRef = 6F9C3B852A65833100FD8090 /* SF-Pro-Display-UltralightItalic.otf */; };
		6F9C3BB62A65833300FD8090 /* SF-Pro-Display-HeavyItalic.otf in Resources */ = {isa = PBXBuildFile; fileRef = 6F9C3B862A65833100FD8090 /* SF-Pro-Display-HeavyItalic.otf */; };
		6F9C3BB72A65833300FD8090 /* SF-Pro-Display-BlackItalic.otf in Resources */ = {isa = PBXBuildFile; fileRef = 6F9C3B872A65833200FD8090 /* SF-Pro-Display-BlackItalic.otf */; };
		6F9C3BB82A65833300FD8090 /* SF-Pro-Rounded-Semibold.otf in Resources */ = {isa = PBXBuildFile; fileRef = 6F9C3B882A65833200FD8090 /* SF-Pro-Rounded-Semibold.otf */; };
		6F9C3BB92A65833300FD8090 /* SF-Pro-Text-BoldItalic.otf in Resources */ = {isa = PBXBuildFile; fileRef = 6F9C3B892A65833200FD8090 /* SF-Pro-Text-BoldItalic.otf */; };
		6F9C3BBA2A65833300FD8090 /* SF-Pro-Text-MediumItalic.otf in Resources */ = {isa = PBXBuildFile; fileRef = 6F9C3B8A2A65833200FD8090 /* SF-Pro-Text-MediumItalic.otf */; };
		6F9C3BBB2A65833300FD8090 /* SF-Pro.ttf in Resources */ = {isa = PBXBuildFile; fileRef = 6F9C3B8B2A65833200FD8090 /* SF-Pro.ttf */; };
		6F9C3BBC2A65833300FD8090 /* SF-Pro-Text-Semibold.otf in Resources */ = {isa = PBXBuildFile; fileRef = 6F9C3B8C2A65833200FD8090 /* SF-Pro-Text-Semibold.otf */; };
		6F9C3BBD2A65833300FD8090 /* SF-Pro-Display-Light.otf in Resources */ = {isa = PBXBuildFile; fileRef = 6F9C3B8D2A65833200FD8090 /* SF-Pro-Display-Light.otf */; };
		6F9C3BBE2A65833300FD8090 /* SF-Pro-Text-Bold.otf in Resources */ = {isa = PBXBuildFile; fileRef = 6F9C3B8E2A65833200FD8090 /* SF-Pro-Text-Bold.otf */; };
		6F9C3BBF2A65833300FD8090 /* SF-Pro-Display-BoldItalic.otf in Resources */ = {isa = PBXBuildFile; fileRef = 6F9C3B8F2A65833300FD8090 /* SF-Pro-Display-BoldItalic.otf */; };
		6F9C3BC02A65833300FD8090 /* SF-Pro-Rounded-Black.otf in Resources */ = {isa = PBXBuildFile; fileRef = 6F9C3B902A65833300FD8090 /* SF-Pro-Rounded-Black.otf */; };
		6F9C3BC12A65833300FD8090 /* SF-Pro-Display-Black.otf in Resources */ = {isa = PBXBuildFile; fileRef = 6F9C3B912A65833300FD8090 /* SF-Pro-Display-Black.otf */; };
		6F9C3BC22A65833300FD8090 /* SF-Pro-Display-MediumItalic.otf in Resources */ = {isa = PBXBuildFile; fileRef = 6F9C3B922A65833300FD8090 /* SF-Pro-Display-MediumItalic.otf */; };
		6F9C3BC32A65833300FD8090 /* SF-Pro-Text-Heavy.otf in Resources */ = {isa = PBXBuildFile; fileRef = 6F9C3B932A65833300FD8090 /* SF-Pro-Text-Heavy.otf */; };
		6F9C3BC42A65833300FD8090 /* SF-Pro-Rounded-Light.otf in Resources */ = {isa = PBXBuildFile; fileRef = 6F9C3B942A65833300FD8090 /* SF-Pro-Rounded-Light.otf */; };
		6F9C3BC52A65833300FD8090 /* SF-Pro-Text-LightItalic.otf in Resources */ = {isa = PBXBuildFile; fileRef = 6F9C3B952A65833300FD8090 /* SF-Pro-Text-LightItalic.otf */; };
		6F9C3BC62A65833300FD8090 /* SF-Pro-Text-ThinItalic.otf in Resources */ = {isa = PBXBuildFile; fileRef = 6F9C3B962A65833300FD8090 /* SF-Pro-Text-ThinItalic.otf */; };
		6F9C3BC72A65833300FD8090 /* SF-Pro-Text-HeavyItalic.otf in Resources */ = {isa = PBXBuildFile; fileRef = 6F9C3B972A65833300FD8090 /* SF-Pro-Text-HeavyItalic.otf */; };
		6F9C3BC82A65833300FD8090 /* SF-Pro-Display-Regular.otf in Resources */ = {isa = PBXBuildFile; fileRef = 6F9C3B982A65833300FD8090 /* SF-Pro-Display-Regular.otf */; };
		6FB5971F2A5C60CB00B6E367 /* ImageListCell.swift in Sources */ = {isa = PBXBuildFile; fileRef = 6FB5971E2A5C60CB00B6E367 /* ImageListCell.swift */; };
		6FCFC8C12A72D703008800A8 /* Constaints.swift in Sources */ = {isa = PBXBuildFile; fileRef = 6FCFC8C02A72D703008800A8 /* Constaints.swift */; };
/* End PBXBuildFile section */

/* Begin PBXFileReference section */
		6F03201C2A67B83E00F9971A /* SingleImageViewController.swift */ = {isa = PBXFileReference; lastKnownFileType = sourcecode.swift; path = SingleImageViewController.swift; sourceTree = "<group>"; };
		6F6852AE2A63E9850060C41E /* ProfileViewController.swift */ = {isa = PBXFileReference; lastKnownFileType = sourcecode.swift; path = ProfileViewController.swift; sourceTree = "<group>"; };
		6F96537B2A51EFD10050FD02 /* pictureTape.app */ = {isa = PBXFileReference; explicitFileType = wrapper.application; includeInIndex = 0; path = pictureTape.app; sourceTree = BUILT_PRODUCTS_DIR; };
		6F96537E2A51EFD10050FD02 /* AppDelegate.swift */ = {isa = PBXFileReference; lastKnownFileType = sourcecode.swift; path = AppDelegate.swift; sourceTree = "<group>"; };
		6F9653802A51EFD10050FD02 /* SceneDelegate.swift */ = {isa = PBXFileReference; lastKnownFileType = sourcecode.swift; path = SceneDelegate.swift; sourceTree = "<group>"; };
		6F9653822A51EFD10050FD02 /* ImageListViewController.swift */ = {isa = PBXFileReference; lastKnownFileType = sourcecode.swift; path = ImageListViewController.swift; sourceTree = "<group>"; };
		6F9653852A51EFD10050FD02 /* Base */ = {isa = PBXFileReference; lastKnownFileType = file.storyboard; name = Base; path = Base.lproj/Main.storyboard; sourceTree = "<group>"; };
		6F9653872A51EFD30050FD02 /* Assets.xcassets */ = {isa = PBXFileReference; lastKnownFileType = folder.assetcatalog; path = Assets.xcassets; sourceTree = "<group>"; };
		6F96538A2A51EFD30050FD02 /* Base */ = {isa = PBXFileReference; lastKnownFileType = file.storyboard; name = Base; path = Base.lproj/LaunchScreen.storyboard; sourceTree = "<group>"; };
		6F96538C2A51EFD30050FD02 /* Info.plist */ = {isa = PBXFileReference; lastKnownFileType = text.plist.xml; path = Info.plist; sourceTree = "<group>"; };
		6F9C3B692A65832E00FD8090 /* SF-Pro-Text-RegularItalic.otf */ = {isa = PBXFileReference; lastKnownFileType = file; path = "SF-Pro-Text-RegularItalic.otf"; sourceTree = "<group>"; };
		6F9C3B6A2A65832F00FD8090 /* SF-Pro-Display-Medium.otf */ = {isa = PBXFileReference; lastKnownFileType = file; path = "SF-Pro-Display-Medium.otf"; sourceTree = "<group>"; };
		6F9C3B6B2A65832F00FD8090 /* SF-Pro-Text-Black.otf */ = {isa = PBXFileReference; lastKnownFileType = file; path = "SF-Pro-Text-Black.otf"; sourceTree = "<group>"; };
		6F9C3B6C2A65832F00FD8090 /* SF-Pro-Text-Light.otf */ = {isa = PBXFileReference; lastKnownFileType = file; path = "SF-Pro-Text-Light.otf"; sourceTree = "<group>"; };
		6F9C3B6D2A65832F00FD8090 /* SF-Pro-Display-Thin.otf */ = {isa = PBXFileReference; lastKnownFileType = file; path = "SF-Pro-Display-Thin.otf"; sourceTree = "<group>"; };
		6F9C3B6E2A65832F00FD8090 /* SF-Pro-Rounded-Ultralight.otf */ = {isa = PBXFileReference; lastKnownFileType = file; path = "SF-Pro-Rounded-Ultralight.otf"; sourceTree = "<group>"; };
		6F9C3B6F2A65832F00FD8090 /* SF-Pro-Text-SemiboldItalic.otf */ = {isa = PBXFileReference; lastKnownFileType = file; path = "SF-Pro-Text-SemiboldItalic.otf"; sourceTree = "<group>"; };
		6F9C3B702A65832F00FD8090 /* SF-Pro-Text-UltralightItalic.otf */ = {isa = PBXFileReference; lastKnownFileType = file; path = "SF-Pro-Text-UltralightItalic.otf"; sourceTree = "<group>"; };
		6F9C3B712A65832F00FD8090 /* SF-Pro-Rounded-Thin.otf */ = {isa = PBXFileReference; lastKnownFileType = file; path = "SF-Pro-Rounded-Thin.otf"; sourceTree = "<group>"; };
		6F9C3B722A65832F00FD8090 /* SF-Pro-Italic.ttf */ = {isa = PBXFileReference; lastKnownFileType = file; path = "SF-Pro-Italic.ttf"; sourceTree = "<group>"; };
		6F9C3B732A65833000FD8090 /* SF-Pro-Display-Heavy.otf */ = {isa = PBXFileReference; lastKnownFileType = file; path = "SF-Pro-Display-Heavy.otf"; sourceTree = "<group>"; };
		6F9C3B742A65833000FD8090 /* SF-Pro-Rounded-Bold.otf */ = {isa = PBXFileReference; lastKnownFileType = file; path = "SF-Pro-Rounded-Bold.otf"; sourceTree = "<group>"; };
		6F9C3B752A65833000FD8090 /* SF-Pro-Rounded-Heavy.otf */ = {isa = PBXFileReference; lastKnownFileType = file; path = "SF-Pro-Rounded-Heavy.otf"; sourceTree = "<group>"; };
		6F9C3B762A65833000FD8090 /* SF-Pro-Display-SemiboldItalic.otf */ = {isa = PBXFileReference; lastKnownFileType = file; path = "SF-Pro-Display-SemiboldItalic.otf"; sourceTree = "<group>"; };
		6F9C3B772A65833000FD8090 /* SF-Pro-Display-LightItalic.otf */ = {isa = PBXFileReference; lastKnownFileType = file; path = "SF-Pro-Display-LightItalic.otf"; sourceTree = "<group>"; };
		6F9C3B782A65833000FD8090 /* SF-Pro-Rounded-Regular.otf */ = {isa = PBXFileReference; lastKnownFileType = file; path = "SF-Pro-Rounded-Regular.otf"; sourceTree = "<group>"; };
		6F9C3B792A65833000FD8090 /* SF-Pro-Display-Bold.otf */ = {isa = PBXFileReference; lastKnownFileType = file; path = "SF-Pro-Display-Bold.otf"; sourceTree = "<group>"; };
		6F9C3B7A2A65833000FD8090 /* SF-Pro-Text-BlackItalic.otf */ = {isa = PBXFileReference; lastKnownFileType = file; path = "SF-Pro-Text-BlackItalic.otf"; sourceTree = "<group>"; };
		6F9C3B7B2A65833000FD8090 /* SF-Pro-Text-Thin.otf */ = {isa = PBXFileReference; lastKnownFileType = file; path = "SF-Pro-Text-Thin.otf"; sourceTree = "<group>"; };
		6F9C3B7C2A65833000FD8090 /* SF-Pro-Text-Medium.otf */ = {isa = PBXFileReference; lastKnownFileType = file; path = "SF-Pro-Text-Medium.otf"; sourceTree = "<group>"; };
		6F9C3B7D2A65833100FD8090 /* SF-Pro-Display-Semibold.otf */ = {isa = PBXFileReference; lastKnownFileType = file; path = "SF-Pro-Display-Semibold.otf"; sourceTree = "<group>"; };
		6F9C3B7E2A65833100FD8090 /* SF-Pro-Text-Ultralight.otf */ = {isa = PBXFileReference; lastKnownFileType = file; path = "SF-Pro-Text-Ultralight.otf"; sourceTree = "<group>"; };
		6F9C3B7F2A65833100FD8090 /* SF-Pro-Rounded-Medium.otf */ = {isa = PBXFileReference; lastKnownFileType = file; path = "SF-Pro-Rounded-Medium.otf"; sourceTree = "<group>"; };
		6F9C3B802A65833100FD8090 /* SF-Pro-Display-RegularItalic.otf */ = {isa = PBXFileReference; lastKnownFileType = file; path = "SF-Pro-Display-RegularItalic.otf"; sourceTree = "<group>"; };
		6F9C3B812A65833100FD8090 /* SF-Pro-Display-Ultralight.otf */ = {isa = PBXFileReference; lastKnownFileType = file; path = "SF-Pro-Display-Ultralight.otf"; sourceTree = "<group>"; };
		6F9C3B822A65833100FD8090 /* SF-Pro-Display-ThinItalic.otf */ = {isa = PBXFileReference; lastKnownFileType = file; path = "SF-Pro-Display-ThinItalic.otf"; sourceTree = "<group>"; };
		6F9C3B832A65833100FD8090 /* Arial Unicode.ttf */ = {isa = PBXFileReference; lastKnownFileType = file; path = "Arial Unicode.ttf"; sourceTree = "<group>"; };
		6F9C3B842A65833100FD8090 /* SF-Pro-Text-Regular.otf */ = {isa = PBXFileReference; lastKnownFileType = file; path = "SF-Pro-Text-Regular.otf"; sourceTree = "<group>"; };
		6F9C3B852A65833100FD8090 /* SF-Pro-Display-UltralightItalic.otf */ = {isa = PBXFileReference; lastKnownFileType = file; path = "SF-Pro-Display-UltralightItalic.otf"; sourceTree = "<group>"; };
		6F9C3B862A65833100FD8090 /* SF-Pro-Display-HeavyItalic.otf */ = {isa = PBXFileReference; lastKnownFileType = file; path = "SF-Pro-Display-HeavyItalic.otf"; sourceTree = "<group>"; };
		6F9C3B872A65833200FD8090 /* SF-Pro-Display-BlackItalic.otf */ = {isa = PBXFileReference; lastKnownFileType = file; path = "SF-Pro-Display-BlackItalic.otf"; sourceTree = "<group>"; };
		6F9C3B882A65833200FD8090 /* SF-Pro-Rounded-Semibold.otf */ = {isa = PBXFileReference; lastKnownFileType = file; path = "SF-Pro-Rounded-Semibold.otf"; sourceTree = "<group>"; };
		6F9C3B892A65833200FD8090 /* SF-Pro-Text-BoldItalic.otf */ = {isa = PBXFileReference; lastKnownFileType = file; path = "SF-Pro-Text-BoldItalic.otf"; sourceTree = "<group>"; };
		6F9C3B8A2A65833200FD8090 /* SF-Pro-Text-MediumItalic.otf */ = {isa = PBXFileReference; lastKnownFileType = file; path = "SF-Pro-Text-MediumItalic.otf"; sourceTree = "<group>"; };
		6F9C3B8B2A65833200FD8090 /* SF-Pro.ttf */ = {isa = PBXFileReference; lastKnownFileType = file; path = "SF-Pro.ttf"; sourceTree = "<group>"; };
		6F9C3B8C2A65833200FD8090 /* SF-Pro-Text-Semibold.otf */ = {isa = PBXFileReference; lastKnownFileType = file; path = "SF-Pro-Text-Semibold.otf"; sourceTree = "<group>"; };
		6F9C3B8D2A65833200FD8090 /* SF-Pro-Display-Light.otf */ = {isa = PBXFileReference; lastKnownFileType = file; path = "SF-Pro-Display-Light.otf"; sourceTree = "<group>"; };
		6F9C3B8E2A65833200FD8090 /* SF-Pro-Text-Bold.otf */ = {isa = PBXFileReference; lastKnownFileType = file; path = "SF-Pro-Text-Bold.otf"; sourceTree = "<group>"; };
		6F9C3B8F2A65833300FD8090 /* SF-Pro-Display-BoldItalic.otf */ = {isa = PBXFileReference; lastKnownFileType = file; path = "SF-Pro-Display-BoldItalic.otf"; sourceTree = "<group>"; };
		6F9C3B902A65833300FD8090 /* SF-Pro-Rounded-Black.otf */ = {isa = PBXFileReference; lastKnownFileType = file; path = "SF-Pro-Rounded-Black.otf"; sourceTree = "<group>"; };
		6F9C3B912A65833300FD8090 /* SF-Pro-Display-Black.otf */ = {isa = PBXFileReference; lastKnownFileType = file; path = "SF-Pro-Display-Black.otf"; sourceTree = "<group>"; };
		6F9C3B922A65833300FD8090 /* SF-Pro-Display-MediumItalic.otf */ = {isa = PBXFileReference; lastKnownFileType = file; path = "SF-Pro-Display-MediumItalic.otf"; sourceTree = "<group>"; };
		6F9C3B932A65833300FD8090 /* SF-Pro-Text-Heavy.otf */ = {isa = PBXFileReference; lastKnownFileType = file; path = "SF-Pro-Text-Heavy.otf"; sourceTree = "<group>"; };
		6F9C3B942A65833300FD8090 /* SF-Pro-Rounded-Light.otf */ = {isa = PBXFileReference; lastKnownFileType = file; path = "SF-Pro-Rounded-Light.otf"; sourceTree = "<group>"; };
		6F9C3B952A65833300FD8090 /* SF-Pro-Text-LightItalic.otf */ = {isa = PBXFileReference; lastKnownFileType = file; path = "SF-Pro-Text-LightItalic.otf"; sourceTree = "<group>"; };
		6F9C3B962A65833300FD8090 /* SF-Pro-Text-ThinItalic.otf */ = {isa = PBXFileReference; lastKnownFileType = file; path = "SF-Pro-Text-ThinItalic.otf"; sourceTree = "<group>"; };
		6F9C3B972A65833300FD8090 /* SF-Pro-Text-HeavyItalic.otf */ = {isa = PBXFileReference; lastKnownFileType = file; path = "SF-Pro-Text-HeavyItalic.otf"; sourceTree = "<group>"; };
		6F9C3B982A65833300FD8090 /* SF-Pro-Display-Regular.otf */ = {isa = PBXFileReference; lastKnownFileType = file; path = "SF-Pro-Display-Regular.otf"; sourceTree = "<group>"; };
		6FB5971E2A5C60CB00B6E367 /* ImageListCell.swift */ = {isa = PBXFileReference; lastKnownFileType = sourcecode.swift; path = ImageListCell.swift; sourceTree = "<group>"; };
		6FCFC8C02A72D703008800A8 /* Constaints.swift */ = {isa = PBXFileReference; lastKnownFileType = sourcecode.swift; path = Constaints.swift; sourceTree = "<group>"; };
/* End PBXFileReference section */

/* Begin PBXFrameworksBuildPhase section */
		6F9653782A51EFD10050FD02 /* Frameworks */ = {
			isa = PBXFrameworksBuildPhase;
			buildActionMask = 2147483647;
			files = (
			);
			runOnlyForDeploymentPostprocessing = 0;
		};
/* End PBXFrameworksBuildPhase section */

/* Begin PBXGroup section */
		6F9653722A51EFD10050FD02 = {
			isa = PBXGroup;
			children = (
				6F96537D2A51EFD10050FD02 /* pictureTape */,
				6F96537C2A51EFD10050FD02 /* Products */,
			);
			sourceTree = "<group>";
		};
		6F96537C2A51EFD10050FD02 /* Products */ = {
			isa = PBXGroup;
			children = (
				6F96537B2A51EFD10050FD02 /* pictureTape.app */,
			);
			name = Products;
			sourceTree = "<group>";
		};
		6F96537D2A51EFD10050FD02 /* pictureTape */ = {
			isa = PBXGroup;
			children = (
				6F96537E2A51EFD10050FD02 /* AppDelegate.swift */,
				6F9653802A51EFD10050FD02 /* SceneDelegate.swift */,
				6F6852AE2A63E9850060C41E /* ProfileViewController.swift */,
				6F03201C2A67B83E00F9971A /* SingleImageViewController.swift */,
				6FB597202A5C60FA00B6E367 /* ImageList */,
				6F9653842A51EFD10050FD02 /* Main.storyboard */,
				6F9653872A51EFD30050FD02 /* Assets.xcassets */,
				6F9653892A51EFD30050FD02 /* LaunchScreen.storyboard */,
				6F96538C2A51EFD30050FD02 /* Info.plist */,
				6F9C3B082A65811800FD8090 /* sf pro */,
			);
			path = pictureTape;
			sourceTree = "<group>";
		};
		6F9C3B082A65811800FD8090 /* sf pro */ = {
			isa = PBXGroup;
			children = (
				6F9C3B8E2A65833200FD8090 /* SF-Pro-Text-Bold.otf */,
				6F9C3B832A65833100FD8090 /* Arial Unicode.ttf */,
				6F9C3B912A65833300FD8090 /* SF-Pro-Display-Black.otf */,
				6F9C3B872A65833200FD8090 /* SF-Pro-Display-BlackItalic.otf */,
				6F9C3B792A65833000FD8090 /* SF-Pro-Display-Bold.otf */,
				6F9C3B8F2A65833300FD8090 /* SF-Pro-Display-BoldItalic.otf */,
				6F9C3B732A65833000FD8090 /* SF-Pro-Display-Heavy.otf */,
				6F9C3B862A65833100FD8090 /* SF-Pro-Display-HeavyItalic.otf */,
				6F9C3B8D2A65833200FD8090 /* SF-Pro-Display-Light.otf */,
				6F9C3B772A65833000FD8090 /* SF-Pro-Display-LightItalic.otf */,
				6F9C3B6A2A65832F00FD8090 /* SF-Pro-Display-Medium.otf */,
				6F9C3B922A65833300FD8090 /* SF-Pro-Display-MediumItalic.otf */,
				6F9C3B982A65833300FD8090 /* SF-Pro-Display-Regular.otf */,
				6F9C3B802A65833100FD8090 /* SF-Pro-Display-RegularItalic.otf */,
				6F9C3B7D2A65833100FD8090 /* SF-Pro-Display-Semibold.otf */,
				6F9C3B762A65833000FD8090 /* SF-Pro-Display-SemiboldItalic.otf */,
				6F9C3B6D2A65832F00FD8090 /* SF-Pro-Display-Thin.otf */,
				6F9C3B822A65833100FD8090 /* SF-Pro-Display-ThinItalic.otf */,
				6F9C3B812A65833100FD8090 /* SF-Pro-Display-Ultralight.otf */,
				6F9C3B852A65833100FD8090 /* SF-Pro-Display-UltralightItalic.otf */,
				6F9C3B722A65832F00FD8090 /* SF-Pro-Italic.ttf */,
				6F9C3B902A65833300FD8090 /* SF-Pro-Rounded-Black.otf */,
				6F9C3B742A65833000FD8090 /* SF-Pro-Rounded-Bold.otf */,
				6F9C3B752A65833000FD8090 /* SF-Pro-Rounded-Heavy.otf */,
				6F9C3B942A65833300FD8090 /* SF-Pro-Rounded-Light.otf */,
				6F9C3B7F2A65833100FD8090 /* SF-Pro-Rounded-Medium.otf */,
				6F9C3B782A65833000FD8090 /* SF-Pro-Rounded-Regular.otf */,
				6F9C3B882A65833200FD8090 /* SF-Pro-Rounded-Semibold.otf */,
				6F9C3B712A65832F00FD8090 /* SF-Pro-Rounded-Thin.otf */,
				6F9C3B6E2A65832F00FD8090 /* SF-Pro-Rounded-Ultralight.otf */,
				6F9C3B6B2A65832F00FD8090 /* SF-Pro-Text-Black.otf */,
				6F9C3B7A2A65833000FD8090 /* SF-Pro-Text-BlackItalic.otf */,
				6F9C3B892A65833200FD8090 /* SF-Pro-Text-BoldItalic.otf */,
				6F9C3B932A65833300FD8090 /* SF-Pro-Text-Heavy.otf */,
				6F9C3B972A65833300FD8090 /* SF-Pro-Text-HeavyItalic.otf */,
				6F9C3B6C2A65832F00FD8090 /* SF-Pro-Text-Light.otf */,
				6F9C3B952A65833300FD8090 /* SF-Pro-Text-LightItalic.otf */,
				6F9C3B7C2A65833000FD8090 /* SF-Pro-Text-Medium.otf */,
				6F9C3B8A2A65833200FD8090 /* SF-Pro-Text-MediumItalic.otf */,
				6F9C3B842A65833100FD8090 /* SF-Pro-Text-Regular.otf */,
				6F9C3B692A65832E00FD8090 /* SF-Pro-Text-RegularItalic.otf */,
				6F9C3B8C2A65833200FD8090 /* SF-Pro-Text-Semibold.otf */,
				6F9C3B6F2A65832F00FD8090 /* SF-Pro-Text-SemiboldItalic.otf */,
				6F9C3B7B2A65833000FD8090 /* SF-Pro-Text-Thin.otf */,
				6F9C3B962A65833300FD8090 /* SF-Pro-Text-ThinItalic.otf */,
				6F9C3B7E2A65833100FD8090 /* SF-Pro-Text-Ultralight.otf */,
				6F9C3B702A65832F00FD8090 /* SF-Pro-Text-UltralightItalic.otf */,
				6F9C3B8B2A65833200FD8090 /* SF-Pro.ttf */,
			);
			path = "sf pro";
			sourceTree = "<group>";
		};
		6FB597202A5C60FA00B6E367 /* ImageList */ = {
			isa = PBXGroup;
			children = (
				6F9653822A51EFD10050FD02 /* ImageListViewController.swift */,
				6FB5971E2A5C60CB00B6E367 /* ImageListCell.swift */,
				6FCFC8C02A72D703008800A8 /* Constaints.swift */,
			);
			path = ImageList;
			sourceTree = "<group>";
		};
/* End PBXGroup section */

/* Begin PBXNativeTarget section */
		6F96537A2A51EFD10050FD02 /* pictureTape */ = {
			isa = PBXNativeTarget;
			buildConfigurationList = 6F96538F2A51EFD30050FD02 /* Build configuration list for PBXNativeTarget "pictureTape" */;
			buildPhases = (
				6F9653772A51EFD10050FD02 /* Sources */,
				6F9653782A51EFD10050FD02 /* Frameworks */,
				6F9653792A51EFD10050FD02 /* Resources */,
			);
			buildRules = (
			);
			dependencies = (
			);
			name = pictureTape;
			productName = pictureTape;
			productReference = 6F96537B2A51EFD10050FD02 /* pictureTape.app */;
			productType = "com.apple.product-type.application";
		};
/* End PBXNativeTarget section */

/* Begin PBXProject section */
		6F9653732A51EFD10050FD02 /* Project object */ = {
			isa = PBXProject;
			attributes = {
				BuildIndependentTargetsInParallel = 1;
				LastSwiftUpdateCheck = 1500;
				LastUpgradeCheck = 1500;
				TargetAttributes = {
					6F96537A2A51EFD10050FD02 = {
						CreatedOnToolsVersion = 15.0;
					};
				};
			};
			buildConfigurationList = 6F9653762A51EFD10050FD02 /* Build configuration list for PBXProject "pictureTape" */;
			compatibilityVersion = "Xcode 14.0";
			developmentRegion = en;
			hasScannedForEncodings = 0;
			knownRegions = (
				en,
				Base,
			);
			mainGroup = 6F9653722A51EFD10050FD02;
			productRefGroup = 6F96537C2A51EFD10050FD02 /* Products */;
			projectDirPath = "";
			projectRoot = "";
			targets = (
				6F96537A2A51EFD10050FD02 /* pictureTape */,
			);
		};
/* End PBXProject section */

/* Begin PBXResourcesBuildPhase section */
		6F9653792A51EFD10050FD02 /* Resources */ = {
			isa = PBXResourcesBuildPhase;
			buildActionMask = 2147483647;
			files = (
				6F9C3BAD2A65833300FD8090 /* SF-Pro-Display-Semibold.otf in Resources */,
				6F9C3BB72A65833300FD8090 /* SF-Pro-Display-BlackItalic.otf in Resources */,
				6F9C3B9E2A65833300FD8090 /* SF-Pro-Rounded-Ultralight.otf in Resources */,
				6F9C3B9D2A65833300FD8090 /* SF-Pro-Display-Thin.otf in Resources */,
				6F9C3BAF2A65833300FD8090 /* SF-Pro-Rounded-Medium.otf in Resources */,
				6F9C3BBA2A65833300FD8090 /* SF-Pro-Text-MediumItalic.otf in Resources */,
				6F9C3BBD2A65833300FD8090 /* SF-Pro-Display-Light.otf in Resources */,
				6F9C3BB62A65833300FD8090 /* SF-Pro-Display-HeavyItalic.otf in Resources */,
				6F96538B2A51EFD30050FD02 /* LaunchScreen.storyboard in Resources */,
				6F9C3BA12A65833300FD8090 /* SF-Pro-Rounded-Thin.otf in Resources */,
				6F9C3BA62A65833300FD8090 /* SF-Pro-Display-SemiboldItalic.otf in Resources */,
				6F9C3BA22A65833300FD8090 /* SF-Pro-Italic.ttf in Resources */,
				6F9C3BAA2A65833300FD8090 /* SF-Pro-Text-BlackItalic.otf in Resources */,
				6F9C3BA92A65833300FD8090 /* SF-Pro-Display-Bold.otf in Resources */,
				6F9C3BC02A65833300FD8090 /* SF-Pro-Rounded-Black.otf in Resources */,
				6F9C3BC12A65833300FD8090 /* SF-Pro-Display-Black.otf in Resources */,
				6F9C3B9B2A65833300FD8090 /* SF-Pro-Text-Black.otf in Resources */,
				6F9C3B9F2A65833300FD8090 /* SF-Pro-Text-SemiboldItalic.otf in Resources */,
				6F9C3BBB2A65833300FD8090 /* SF-Pro.ttf in Resources */,
				6F9C3BAB2A65833300FD8090 /* SF-Pro-Text-Thin.otf in Resources */,
				6F9C3BA72A65833300FD8090 /* SF-Pro-Display-LightItalic.otf in Resources */,
				6F9653882A51EFD30050FD02 /* Assets.xcassets in Resources */,
				6F9C3BC52A65833300FD8090 /* SF-Pro-Text-LightItalic.otf in Resources */,
				6F9C3BC72A65833300FD8090 /* SF-Pro-Text-HeavyItalic.otf in Resources */,
				6F9C3BB52A65833300FD8090 /* SF-Pro-Display-UltralightItalic.otf in Resources */,
				6F9C3BAE2A65833300FD8090 /* SF-Pro-Text-Ultralight.otf in Resources */,
				6F9C3BB82A65833300FD8090 /* SF-Pro-Rounded-Semibold.otf in Resources */,
				6F9C3B992A65833300FD8090 /* SF-Pro-Text-RegularItalic.otf in Resources */,
				6F9C3BB02A65833300FD8090 /* SF-Pro-Display-RegularItalic.otf in Resources */,
				6F9C3BC62A65833300FD8090 /* SF-Pro-Text-ThinItalic.otf in Resources */,
				6F9C3BA42A65833300FD8090 /* SF-Pro-Rounded-Bold.otf in Resources */,
				6F9C3BB32A65833300FD8090 /* Arial Unicode.ttf in Resources */,
				6F9C3BA32A65833300FD8090 /* SF-Pro-Display-Heavy.otf in Resources */,
				6F9C3BC42A65833300FD8090 /* SF-Pro-Rounded-Light.otf in Resources */,
				6F9C3BA02A65833300FD8090 /* SF-Pro-Text-UltralightItalic.otf in Resources */,
				6F9C3BC22A65833300FD8090 /* SF-Pro-Display-MediumItalic.otf in Resources */,
				6F9653862A51EFD10050FD02 /* Main.storyboard in Resources */,
				6F9C3BBF2A65833300FD8090 /* SF-Pro-Display-BoldItalic.otf in Resources */,
				6F9C3B9C2A65833300FD8090 /* SF-Pro-Text-Light.otf in Resources */,
				6F9C3BB12A65833300FD8090 /* SF-Pro-Display-Ultralight.otf in Resources */,
				6F9C3BA82A65833300FD8090 /* SF-Pro-Rounded-Regular.otf in Resources */,
				6F9C3BBE2A65833300FD8090 /* SF-Pro-Text-Bold.otf in Resources */,
				6F9C3BB42A65833300FD8090 /* SF-Pro-Text-Regular.otf in Resources */,
				6F9C3BA52A65833300FD8090 /* SF-Pro-Rounded-Heavy.otf in Resources */,
				6F9C3B9A2A65833300FD8090 /* SF-Pro-Display-Medium.otf in Resources */,
				6F9C3BC32A65833300FD8090 /* SF-Pro-Text-Heavy.otf in Resources */,
				6F9C3BB22A65833300FD8090 /* SF-Pro-Display-ThinItalic.otf in Resources */,
				6F9C3BBC2A65833300FD8090 /* SF-Pro-Text-Semibold.otf in Resources */,
				6F9C3BB92A65833300FD8090 /* SF-Pro-Text-BoldItalic.otf in Resources */,
				6F9C3BC82A65833300FD8090 /* SF-Pro-Display-Regular.otf in Resources */,
				6F9C3BAC2A65833300FD8090 /* SF-Pro-Text-Medium.otf in Resources */,
			);
			runOnlyForDeploymentPostprocessing = 0;
		};
/* End PBXResourcesBuildPhase section */

/* Begin PBXSourcesBuildPhase section */
		6F9653772A51EFD10050FD02 /* Sources */ = {
			isa = PBXSourcesBuildPhase;
			buildActionMask = 2147483647;
			files = (
				6F9653832A51EFD10050FD02 /* ImageListViewController.swift in Sources */,
				6FB5971F2A5C60CB00B6E367 /* ImageListCell.swift in Sources */,
				6F6852AF2A63E9850060C41E /* ProfileViewController.swift in Sources */,
				6FCFC8C12A72D703008800A8 /* Constaints.swift in Sources */,
				6F96537F2A51EFD10050FD02 /* AppDelegate.swift in Sources */,
				6F03201D2A67B83E00F9971A /* SingleImageViewController.swift in Sources */,
				6F9653812A51EFD10050FD02 /* SceneDelegate.swift in Sources */,
			);
			runOnlyForDeploymentPostprocessing = 0;
		};
/* End PBXSourcesBuildPhase section */

/* Begin PBXVariantGroup section */
		6F9653842A51EFD10050FD02 /* Main.storyboard */ = {
			isa = PBXVariantGroup;
			children = (
				6F9653852A51EFD10050FD02 /* Base */,
			);
			name = Main.storyboard;
			sourceTree = "<group>";
		};
		6F9653892A51EFD30050FD02 /* LaunchScreen.storyboard */ = {
			isa = PBXVariantGroup;
			children = (
				6F96538A2A51EFD30050FD02 /* Base */,
			);
			name = LaunchScreen.storyboard;
			sourceTree = "<group>";
		};
/* End PBXVariantGroup section */

/* Begin XCBuildConfiguration section */
		6F96538D2A51EFD30050FD02 /* Debug */ = {
			isa = XCBuildConfiguration;
			buildSettings = {
				ALWAYS_SEARCH_USER_PATHS = NO;
				ASSETCATALOG_COMPILER_GENERATE_SWIFT_ASSET_SYMBOL_EXTENSIONS = YES;
				CLANG_ANALYZER_NONNULL = YES;
				CLANG_ANALYZER_NUMBER_OBJECT_CONVERSION = YES_AGGRESSIVE;
				CLANG_CXX_LANGUAGE_STANDARD = "gnu++20";
				CLANG_ENABLE_MODULES = YES;
				CLANG_ENABLE_OBJC_ARC = YES;
				CLANG_ENABLE_OBJC_WEAK = YES;
				CLANG_WARN_BLOCK_CAPTURE_AUTORELEASING = YES;
				CLANG_WARN_BOOL_CONVERSION = YES;
				CLANG_WARN_COMMA = YES;
				CLANG_WARN_CONSTANT_CONVERSION = YES;
				CLANG_WARN_DEPRECATED_OBJC_IMPLEMENTATIONS = YES;
				CLANG_WARN_DIRECT_OBJC_ISA_USAGE = YES_ERROR;
				CLANG_WARN_DOCUMENTATION_COMMENTS = YES;
				CLANG_WARN_EMPTY_BODY = YES;
				CLANG_WARN_ENUM_CONVERSION = YES;
				CLANG_WARN_INFINITE_RECURSION = YES;
				CLANG_WARN_INT_CONVERSION = YES;
				CLANG_WARN_NON_LITERAL_NULL_CONVERSION = YES;
				CLANG_WARN_OBJC_IMPLICIT_RETAIN_SELF = YES;
				CLANG_WARN_OBJC_LITERAL_CONVERSION = YES;
				CLANG_WARN_OBJC_ROOT_CLASS = YES_ERROR;
				CLANG_WARN_QUOTED_INCLUDE_IN_FRAMEWORK_HEADER = YES;
				CLANG_WARN_RANGE_LOOP_ANALYSIS = YES;
				CLANG_WARN_STRICT_PROTOTYPES = YES;
				CLANG_WARN_SUSPICIOUS_MOVE = YES;
				CLANG_WARN_UNGUARDED_AVAILABILITY = YES_AGGRESSIVE;
				CLANG_WARN_UNREACHABLE_CODE = YES;
				CLANG_WARN__DUPLICATE_METHOD_MATCH = YES;
				COPY_PHASE_STRIP = NO;
				DEBUG_INFORMATION_FORMAT = dwarf;
				ENABLE_STRICT_OBJC_MSGSEND = YES;
				ENABLE_TESTABILITY = YES;
				ENABLE_USER_SCRIPT_SANDBOXING = YES;
				GCC_C_LANGUAGE_STANDARD = gnu17;
				GCC_DYNAMIC_NO_PIC = NO;
				GCC_NO_COMMON_BLOCKS = YES;
				GCC_OPTIMIZATION_LEVEL = 0;
				GCC_PREPROCESSOR_DEFINITIONS = (
					"DEBUG=1",
					"$(inherited)",
				);
				GCC_WARN_64_TO_32_BIT_CONVERSION = YES;
				GCC_WARN_ABOUT_RETURN_TYPE = YES_ERROR;
				GCC_WARN_UNDECLARED_SELECTOR = YES;
				GCC_WARN_UNINITIALIZED_AUTOS = YES_AGGRESSIVE;
				GCC_WARN_UNUSED_FUNCTION = YES;
				GCC_WARN_UNUSED_VARIABLE = YES;
				IPHONEOS_DEPLOYMENT_TARGET = 17.0;
				LOCALIZATION_PREFERS_STRING_CATALOGS = YES;
				MTL_ENABLE_DEBUG_INFO = INCLUDE_SOURCE;
				MTL_FAST_MATH = YES;
				ONLY_ACTIVE_ARCH = YES;
				SDKROOT = iphoneos;
				SWIFT_ACTIVE_COMPILATION_CONDITIONS = "DEBUG $(inherited)";
				SWIFT_OPTIMIZATION_LEVEL = "-Onone";
			};
			name = Debug;
		};
		6F96538E2A51EFD30050FD02 /* Release */ = {
			isa = XCBuildConfiguration;
			buildSettings = {
				ALWAYS_SEARCH_USER_PATHS = NO;
				ASSETCATALOG_COMPILER_GENERATE_SWIFT_ASSET_SYMBOL_EXTENSIONS = YES;
				CLANG_ANALYZER_NONNULL = YES;
				CLANG_ANALYZER_NUMBER_OBJECT_CONVERSION = YES_AGGRESSIVE;
				CLANG_CXX_LANGUAGE_STANDARD = "gnu++20";
				CLANG_ENABLE_MODULES = YES;
				CLANG_ENABLE_OBJC_ARC = YES;
				CLANG_ENABLE_OBJC_WEAK = YES;
				CLANG_WARN_BLOCK_CAPTURE_AUTORELEASING = YES;
				CLANG_WARN_BOOL_CONVERSION = YES;
				CLANG_WARN_COMMA = YES;
				CLANG_WARN_CONSTANT_CONVERSION = YES;
				CLANG_WARN_DEPRECATED_OBJC_IMPLEMENTATIONS = YES;
				CLANG_WARN_DIRECT_OBJC_ISA_USAGE = YES_ERROR;
				CLANG_WARN_DOCUMENTATION_COMMENTS = YES;
				CLANG_WARN_EMPTY_BODY = YES;
				CLANG_WARN_ENUM_CONVERSION = YES;
				CLANG_WARN_INFINITE_RECURSION = YES;
				CLANG_WARN_INT_CONVERSION = YES;
				CLANG_WARN_NON_LITERAL_NULL_CONVERSION = YES;
				CLANG_WARN_OBJC_IMPLICIT_RETAIN_SELF = YES;
				CLANG_WARN_OBJC_LITERAL_CONVERSION = YES;
				CLANG_WARN_OBJC_ROOT_CLASS = YES_ERROR;
				CLANG_WARN_QUOTED_INCLUDE_IN_FRAMEWORK_HEADER = YES;
				CLANG_WARN_RANGE_LOOP_ANALYSIS = YES;
				CLANG_WARN_STRICT_PROTOTYPES = YES;
				CLANG_WARN_SUSPICIOUS_MOVE = YES;
				CLANG_WARN_UNGUARDED_AVAILABILITY = YES_AGGRESSIVE;
				CLANG_WARN_UNREACHABLE_CODE = YES;
				CLANG_WARN__DUPLICATE_METHOD_MATCH = YES;
				COPY_PHASE_STRIP = NO;
				DEBUG_INFORMATION_FORMAT = "dwarf-with-dsym";
				ENABLE_NS_ASSERTIONS = NO;
				ENABLE_STRICT_OBJC_MSGSEND = YES;
				ENABLE_USER_SCRIPT_SANDBOXING = YES;
				GCC_C_LANGUAGE_STANDARD = gnu17;
				GCC_NO_COMMON_BLOCKS = YES;
				GCC_WARN_64_TO_32_BIT_CONVERSION = YES;
				GCC_WARN_ABOUT_RETURN_TYPE = YES_ERROR;
				GCC_WARN_UNDECLARED_SELECTOR = YES;
				GCC_WARN_UNINITIALIZED_AUTOS = YES_AGGRESSIVE;
				GCC_WARN_UNUSED_FUNCTION = YES;
				GCC_WARN_UNUSED_VARIABLE = YES;
				IPHONEOS_DEPLOYMENT_TARGET = 17.0;
				LOCALIZATION_PREFERS_STRING_CATALOGS = YES;
				MTL_ENABLE_DEBUG_INFO = NO;
				MTL_FAST_MATH = YES;
				SDKROOT = iphoneos;
				SWIFT_COMPILATION_MODE = wholemodule;
				VALIDATE_PRODUCT = YES;
			};
			name = Release;
		};
		6F9653902A51EFD30050FD02 /* Debug */ = {
			isa = XCBuildConfiguration;
			buildSettings = {
				ASSETCATALOG_COMPILER_APPICON_NAME = AppIcon;
				ASSETCATALOG_COMPILER_GLOBAL_ACCENT_COLOR_NAME = AccentColor;
				CODE_SIGN_STYLE = Automatic;
				CURRENT_PROJECT_VERSION = 1;
				DEVELOPMENT_TEAM = 39MSBT7ZQZ;
				GENERATE_INFOPLIST_FILE = YES;
				INFOPLIST_FILE = pictureTape/Info.plist;
				INFOPLIST_KEY_UIApplicationSupportsIndirectInputEvents = YES;
				INFOPLIST_KEY_UILaunchStoryboardName = LaunchScreen;
				INFOPLIST_KEY_UIMainStoryboardFile = Main;
				INFOPLIST_KEY_UISupportedInterfaceOrientations_iPad = "UIInterfaceOrientationPortrait UIInterfaceOrientationPortraitUpsideDown UIInterfaceOrientationLandscapeLeft UIInterfaceOrientationLandscapeRight";
				INFOPLIST_KEY_UISupportedInterfaceOrientations_iPhone = UIInterfaceOrientationPortrait;
				IPHONEOS_DEPLOYMENT_TARGET = 13.0;
				LD_RUNPATH_SEARCH_PATHS = (
					"$(inherited)",
					"@executable_path/Frameworks",
				);
				MARKETING_VERSION = 1.0;
				PRODUCT_BUNDLE_IDENTIFIER = com.vovameister.pictureTape;
				PRODUCT_NAME = "$(TARGET_NAME)";
				SUPPORTED_PLATFORMS = "iphoneos iphonesimulator";
				SUPPORTS_MACCATALYST = NO;
				SUPPORTS_MAC_DESIGNED_FOR_IPHONE_IPAD = NO;
				SWIFT_EMIT_LOC_STRINGS = YES;
				SWIFT_VERSION = 5.0;
				TARGETED_DEVICE_FAMILY = 1;
			};
			name = Debug;
		};
		6F9653912A51EFD30050FD02 /* Release */ = {
			isa = XCBuildConfiguration;
			buildSettings = {
				ASSETCATALOG_COMPILER_APPICON_NAME = AppIcon;
				ASSETCATALOG_COMPILER_GLOBAL_ACCENT_COLOR_NAME = AccentColor;
				CODE_SIGN_STYLE = Automatic;
				CURRENT_PROJECT_VERSION = 1;
				DEVELOPMENT_TEAM = 39MSBT7ZQZ;
				GENERATE_INFOPLIST_FILE = YES;
				INFOPLIST_FILE = pictureTape/Info.plist;
				INFOPLIST_KEY_UIApplicationSupportsIndirectInputEvents = YES;
				INFOPLIST_KEY_UILaunchStoryboardName = LaunchScreen;
				INFOPLIST_KEY_UIMainStoryboardFile = Main;
				INFOPLIST_KEY_UISupportedInterfaceOrientations_iPad = "UIInterfaceOrientationPortrait UIInterfaceOrientationPortraitUpsideDown UIInterfaceOrientationLandscapeLeft UIInterfaceOrientationLandscapeRight";
				INFOPLIST_KEY_UISupportedInterfaceOrientations_iPhone = UIInterfaceOrientationPortrait;
				IPHONEOS_DEPLOYMENT_TARGET = 13.0;
				LD_RUNPATH_SEARCH_PATHS = (
					"$(inherited)",
					"@executable_path/Frameworks",
				);
				MARKETING_VERSION = 1.0;
				PRODUCT_BUNDLE_IDENTIFIER = com.vovameister.pictureTape;
				PRODUCT_NAME = "$(TARGET_NAME)";
				SUPPORTED_PLATFORMS = "iphoneos iphonesimulator";
				SUPPORTS_MACCATALYST = NO;
				SUPPORTS_MAC_DESIGNED_FOR_IPHONE_IPAD = NO;
				SWIFT_EMIT_LOC_STRINGS = YES;
				SWIFT_VERSION = 5.0;
				TARGETED_DEVICE_FAMILY = 1;
			};
			name = Release;
		};
/* End XCBuildConfiguration section */

/* Begin XCConfigurationList section */
		6F9653762A51EFD10050FD02 /* Build configuration list for PBXProject "pictureTape" */ = {
			isa = XCConfigurationList;
			buildConfigurations = (
				6F96538D2A51EFD30050FD02 /* Debug */,
				6F96538E2A51EFD30050FD02 /* Release */,
			);
			defaultConfigurationIsVisible = 0;
			defaultConfigurationName = Release;
		};
		6F96538F2A51EFD30050FD02 /* Build configuration list for PBXNativeTarget "pictureTape" */ = {
			isa = XCConfigurationList;
			buildConfigurations = (
				6F9653902A51EFD30050FD02 /* Debug */,
				6F9653912A51EFD30050FD02 /* Release */,
			);
			defaultConfigurationIsVisible = 0;
			defaultConfigurationName = Release;
		};
/* End XCConfigurationList section */
	};
	rootObject = 6F9653732A51EFD10050FD02 /* Project object */;
}
