// !$*UTF8*$!
{
	archiveVersion = 1;
	classes = {
	};
	objectVersion = 55;
	objects = {

/* Begin PBXBuildFile section */
		6F03201D2A67B83E00F9971A /* SingleImageViewController.swift in Sources */ = {isa = PBXBuildFile; fileRef = 6F03201C2A67B83E00F9971A /* SingleImageViewController.swift */; };
		6F4F55652A9CD477006DE6E0 /* TabBarController.swift in Sources */ = {isa = PBXBuildFile; fileRef = 6F4F55642A9CD477006DE6E0 /* TabBarController.swift */; };
		6F51B2CE2A9358CE00B5712E /* ProfileService.swift in Sources */ = {isa = PBXBuildFile; fileRef = 6F51B2CD2A9358CE00B5712E /* ProfileService.swift */; };
		6F51B2D12A9503E500B5712E /* ProfileImageService.swift in Sources */ = {isa = PBXBuildFile; fileRef = 6F51B2D02A9503E500B5712E /* ProfileImageService.swift */; };
		6F55DBE42A8E737300DE8CEB /* ProgressHUD in Frameworks */ = {isa = PBXBuildFile; productRef = 6F55DBE32A8E737300DE8CEB /* ProgressHUD */; };
		6F58002A2A8A07D700C76D3D /* URL_and_Network.swift in Sources */ = {isa = PBXBuildFile; fileRef = 6F5800292A8A07D700C76D3D /* URL_and_Network.swift */; };
		6F5C30672A87CBE5003E7FBE /* SplashViewController.swift in Sources */ = {isa = PBXBuildFile; fileRef = 6F5C30662A87CBE5003E7FBE /* SplashViewController.swift */; };
		6F6066982A8DECF70029FDFD /* ProgressHUD in Frameworks */ = {isa = PBXBuildFile; productRef = 6F6066972A8DECF70029FDFD /* ProgressHUD */; };
		6F60669A2A8E6E0B0029FDFD /* UIBlock.swift in Sources */ = {isa = PBXBuildFile; fileRef = 6F6066992A8E6E0B0029FDFD /* UIBlock.swift */; };
		6F6852AF2A63E9850060C41E /* ProfileViewController.swift in Sources */ = {isa = PBXBuildFile; fileRef = 6F6852AE2A63E9850060C41E /* ProfileViewController.swift */; };
		6F96537F2A51EFD10050FD02 /* AppDelegate.swift in Sources */ = {isa = PBXBuildFile; fileRef = 6F96537E2A51EFD10050FD02 /* AppDelegate.swift */; };
		6F9653812A51EFD10050FD02 /* SceneDelegate.swift in Sources */ = {isa = PBXBuildFile; fileRef = 6F9653802A51EFD10050FD02 /* SceneDelegate.swift */; };
		6F9653832A51EFD10050FD02 /* ImageListViewController.swift in Sources */ = {isa = PBXBuildFile; fileRef = 6F9653822A51EFD10050FD02 /* ImageListViewController.swift */; };
		6F9653862A51EFD10050FD02 /* Main.storyboard in Resources */ = {isa = PBXBuildFile; fileRef = 6F9653842A51EFD10050FD02 /* Main.storyboard */; };
		6F9653882A51EFD30050FD02 /* Assets.xcassets in Resources */ = {isa = PBXBuildFile; fileRef = 6F9653872A51EFD30050FD02 /* Assets.xcassets */; };
		6F96538B2A51EFD30050FD02 /* LaunchScreen.storyboard in Resources */ = {isa = PBXBuildFile; fileRef = 6F9653892A51EFD30050FD02 /* LaunchScreen.storyboard */; };
		6FB5971F2A5C60CB00B6E367 /* ImageListCell.swift in Sources */ = {isa = PBXBuildFile; fileRef = 6FB5971E2A5C60CB00B6E367 /* ImageListCell.swift */; };
		6FB77B512A7E386C000EA48A /* AuthViewController.swift in Sources */ = {isa = PBXBuildFile; fileRef = 6FB77B502A7E386C000EA48A /* AuthViewController.swift */; };
		6FB77B542A7E39BC000EA48A /* WebViewViewController.swift in Sources */ = {isa = PBXBuildFile; fileRef = 6FB77B532A7E39BC000EA48A /* WebViewViewController.swift */; };
		6FB77B572A814636000EA48A /* OAuthTokenResponseBody.swift in Sources */ = {isa = PBXBuildFile; fileRef = 6FB77B562A814636000EA48A /* OAuthTokenResponseBody.swift */; };
		6FB77B592A81F803000EA48A /* OAuth2Service.swift in Sources */ = {isa = PBXBuildFile; fileRef = 6FB77B582A81F803000EA48A /* OAuth2Service.swift */; };
		6FB77B5B2A8281A6000EA48A /* OAuth2TokenStorage.swift in Sources */ = {isa = PBXBuildFile; fileRef = 6FB77B5A2A8281A6000EA48A /* OAuth2TokenStorage.swift */; };
		6FC49B0E2AC9AE9F000B08BC /* ImageListStructrs.swift in Sources */ = {isa = PBXBuildFile; fileRef = 6FC49B0D2AC9AE9F000B08BC /* ImageListStructrs.swift */; };
		6FCFC8C12A72D703008800A8 /* Constaints.swift in Sources */ = {isa = PBXBuildFile; fileRef = 6FCFC8C02A72D703008800A8 /* Constaints.swift */; };
		6FF3E29D2AD99A83008A7835 /* WebViewPresenter.swift in Sources */ = {isa = PBXBuildFile; fileRef = 6FF3E29C2AD99A83008A7835 /* WebViewPresenter.swift */; };
		6FFC458D2ABA000800F217B3 /* ImagesListService.swift in Sources */ = {isa = PBXBuildFile; fileRef = 6FFC458C2ABA000800F217B3 /* ImagesListService.swift */; };
		BF34EE072AA1EF6A00754438 /* ProgressHUD in Frameworks */ = {isa = PBXBuildFile; productRef = BF34EE062AA1EF6A00754438 /* ProgressHUD */; };
		BF34EE0A2AA1EF7500754438 /* Kingfisher in Frameworks */ = {isa = PBXBuildFile; productRef = BF34EE092AA1EF7500754438 /* Kingfisher */; };
		BF34EE0D2AA1EF7E00754438 /* SwiftKeychainWrapper in Frameworks */ = {isa = PBXBuildFile; productRef = BF34EE0C2AA1EF7E00754438 /* SwiftKeychainWrapper */; };
/* End PBXBuildFile section */

/* Begin PBXContainerItemProxy section */
		6FFC45962ABC56B400F217B3 /* PBXContainerItemProxy */ = {
			isa = PBXContainerItemProxy;
			containerPortal = 6F9653732A51EFD10050FD02 /* Project object */;
			proxyType = 1;
			remoteGlobalIDString = 6F96537A2A51EFD10050FD02;
			remoteInfo = pictureTape;
		};
/* End PBXContainerItemProxy section */

/* Begin PBXFileReference section */
		6F03201C2A67B83E00F9971A /* SingleImageViewController.swift */ = {isa = PBXFileReference; lastKnownFileType = sourcecode.swift; path = SingleImageViewController.swift; sourceTree = "<group>"; };
		6F4F55642A9CD477006DE6E0 /* TabBarController.swift */ = {isa = PBXFileReference; lastKnownFileType = sourcecode.swift; path = TabBarController.swift; sourceTree = "<group>"; };
		6F51B2CD2A9358CE00B5712E /* ProfileService.swift */ = {isa = PBXFileReference; lastKnownFileType = sourcecode.swift; path = ProfileService.swift; sourceTree = "<group>"; };
		6F51B2D02A9503E500B5712E /* ProfileImageService.swift */ = {isa = PBXFileReference; lastKnownFileType = sourcecode.swift; path = ProfileImageService.swift; sourceTree = "<group>"; };
		6F5800292A8A07D700C76D3D /* URL_and_Network.swift */ = {isa = PBXFileReference; lastKnownFileType = sourcecode.swift; path = URL_and_Network.swift; sourceTree = "<group>"; };
		6F5C30662A87CBE5003E7FBE /* SplashViewController.swift */ = {isa = PBXFileReference; lastKnownFileType = sourcecode.swift; path = SplashViewController.swift; sourceTree = "<group>"; };
		6F6066992A8E6E0B0029FDFD /* UIBlock.swift */ = {isa = PBXFileReference; lastKnownFileType = sourcecode.swift; path = UIBlock.swift; sourceTree = "<group>"; };
		6F6852AE2A63E9850060C41E /* ProfileViewController.swift */ = {isa = PBXFileReference; lastKnownFileType = sourcecode.swift; path = ProfileViewController.swift; sourceTree = "<group>"; };
		6F96537B2A51EFD10050FD02 /* pictureTape.app */ = {isa = PBXFileReference; explicitFileType = wrapper.application; includeInIndex = 0; path = pictureTape.app; sourceTree = BUILT_PRODUCTS_DIR; };
		6F96537E2A51EFD10050FD02 /* AppDelegate.swift */ = {isa = PBXFileReference; lastKnownFileType = sourcecode.swift; path = AppDelegate.swift; sourceTree = "<group>"; };
		6F9653802A51EFD10050FD02 /* SceneDelegate.swift */ = {isa = PBXFileReference; lastKnownFileType = sourcecode.swift; path = SceneDelegate.swift; sourceTree = "<group>"; };
		6F9653822A51EFD10050FD02 /* ImageListViewController.swift */ = {isa = PBXFileReference; lastKnownFileType = sourcecode.swift; path = ImageListViewController.swift; sourceTree = "<group>"; };
		6F9653852A51EFD10050FD02 /* Base */ = {isa = PBXFileReference; lastKnownFileType = file.storyboard; name = Base; path = Base.lproj/Main.storyboard; sourceTree = "<group>"; };
		6F9653872A51EFD30050FD02 /* Assets.xcassets */ = {isa = PBXFileReference; lastKnownFileType = folder.assetcatalog; path = Assets.xcassets; sourceTree = "<group>"; };
		6F96538A2A51EFD30050FD02 /* Base */ = {isa = PBXFileReference; lastKnownFileType = file.storyboard; name = Base; path = Base.lproj/LaunchScreen.storyboard; sourceTree = "<group>"; };
		6F96538C2A51EFD30050FD02 /* Info.plist */ = {isa = PBXFileReference; lastKnownFileType = text.plist.xml; path = Info.plist; sourceTree = "<group>"; };
		6FB5971E2A5C60CB00B6E367 /* ImageListCell.swift */ = {isa = PBXFileReference; lastKnownFileType = sourcecode.swift; path = ImageListCell.swift; sourceTree = "<group>"; };
		6FB77B502A7E386C000EA48A /* AuthViewController.swift */ = {isa = PBXFileReference; lastKnownFileType = sourcecode.swift; path = AuthViewController.swift; sourceTree = "<group>"; };
		6FB77B532A7E39BC000EA48A /* WebViewViewController.swift */ = {isa = PBXFileReference; lastKnownFileType = sourcecode.swift; path = WebViewViewController.swift; sourceTree = "<group>"; };
		6FB77B562A814636000EA48A /* OAuthTokenResponseBody.swift */ = {isa = PBXFileReference; lastKnownFileType = sourcecode.swift; path = OAuthTokenResponseBody.swift; sourceTree = "<group>"; };
		6FB77B582A81F803000EA48A /* OAuth2Service.swift */ = {isa = PBXFileReference; lastKnownFileType = sourcecode.swift; path = OAuth2Service.swift; sourceTree = "<group>"; };
		6FB77B5A2A8281A6000EA48A /* OAuth2TokenStorage.swift */ = {isa = PBXFileReference; lastKnownFileType = sourcecode.swift; path = OAuth2TokenStorage.swift; sourceTree = "<group>"; };
		6FC49B0D2AC9AE9F000B08BC /* ImageListStructrs.swift */ = {isa = PBXFileReference; lastKnownFileType = sourcecode.swift; path = ImageListStructrs.swift; sourceTree = "<group>"; };
		6FCFC8C02A72D703008800A8 /* Constaints.swift */ = {isa = PBXFileReference; lastKnownFileType = sourcecode.swift; path = Constaints.swift; sourceTree = "<group>"; };
		6FF3E29C2AD99A83008A7835 /* WebViewPresenter.swift */ = {isa = PBXFileReference; lastKnownFileType = sourcecode.swift; path = WebViewPresenter.swift; sourceTree = "<group>"; };
		6FFC458C2ABA000800F217B3 /* ImagesListService.swift */ = {isa = PBXFileReference; lastKnownFileType = sourcecode.swift; path = ImagesListService.swift; sourceTree = "<group>"; };
		6FFC45922ABC56B400F217B3 /* pictureTapeTests.xctest */ = {isa = PBXFileReference; explicitFileType = wrapper.cfbundle; includeInIndex = 0; path = pictureTapeTests.xctest; sourceTree = BUILT_PRODUCTS_DIR; };
/* End PBXFileReference section */

/* Begin PBXFrameworksBuildPhase section */
		6F9653782A51EFD10050FD02 /* Frameworks */ = {
			isa = PBXFrameworksBuildPhase;
			buildActionMask = 2147483647;
			files = (
				BF34EE0A2AA1EF7500754438 /* Kingfisher in Frameworks */,
				BF34EE072AA1EF6A00754438 /* ProgressHUD in Frameworks */,
				BF34EE0D2AA1EF7E00754438 /* SwiftKeychainWrapper in Frameworks */,
				6F6066982A8DECF70029FDFD /* ProgressHUD in Frameworks */,
				6F55DBE42A8E737300DE8CEB /* ProgressHUD in Frameworks */,
			);
			runOnlyForDeploymentPostprocessing = 0;
		};
		6FFC458F2ABC56B400F217B3 /* Frameworks */ = {
			isa = PBXFrameworksBuildPhase;
			buildActionMask = 2147483647;
			files = (
			);
			runOnlyForDeploymentPostprocessing = 0;
		};
/* End PBXFrameworksBuildPhase section */

/* Begin PBXGroup section */
		6F51B2CF2A95036100B5712E /* Profile */ = {
			isa = PBXGroup;
			children = (
				6F6852AE2A63E9850060C41E /* ProfileViewController.swift */,
				6F51B2CD2A9358CE00B5712E /* ProfileService.swift */,
				6F51B2D02A9503E500B5712E /* ProfileImageService.swift */,
			);
			path = Profile;
			sourceTree = "<group>";
		};
		6F5800282A8A073F00C76D3D /* URL and network */ = {
			isa = PBXGroup;
			children = (
				6F5800292A8A07D700C76D3D /* URL_and_Network.swift */,
			);
			path = "URL and network";
			sourceTree = "<group>";
		};
		6F5AD2112A9A11F6003EE135 /* Frameworks */ = {
			isa = PBXGroup;
			children = (
			);
			name = Frameworks;
			sourceTree = "<group>";
		};
		6F5C30652A87CBBE003E7FBE /* SplashView */ = {
			isa = PBXGroup;
			children = (
				6F5C30662A87CBE5003E7FBE /* SplashViewController.swift */,
			);
			path = SplashView;
			sourceTree = "<group>";
		};
		6F9653722A51EFD10050FD02 = {
			isa = PBXGroup;
			children = (
				6F96537D2A51EFD10050FD02 /* pictureTape */,
				6F96537C2A51EFD10050FD02 /* Products */,
				6F5AD2112A9A11F6003EE135 /* Frameworks */,
			);
			sourceTree = "<group>";
		};
		6F96537C2A51EFD10050FD02 /* Products */ = {
			isa = PBXGroup;
			children = (
				6F96537B2A51EFD10050FD02 /* pictureTape.app */,
				6FFC45922ABC56B400F217B3 /* pictureTapeTests.xctest */,
			);
			name = Products;
			sourceTree = "<group>";
		};
		6F96537D2A51EFD10050FD02 /* pictureTape */ = {
			isa = PBXGroup;
			children = (
				6F4F55642A9CD477006DE6E0 /* TabBarController.swift */,
				6F51B2CF2A95036100B5712E /* Profile */,
				6F5C30652A87CBBE003E7FBE /* SplashView */,
				6FB77B552A7E4406000EA48A /* baseDelegetes */,
				6FB77B522A7E38B9000EA48A /* Auth */,
				6FB597202A5C60FA00B6E367 /* ImageList */,
				6F5800282A8A073F00C76D3D /* URL and network */,
				6F9653842A51EFD10050FD02 /* Main.storyboard */,
				6F9653872A51EFD30050FD02 /* Assets.xcassets */,
				6F9653892A51EFD30050FD02 /* LaunchScreen.storyboard */,
				6F96538C2A51EFD30050FD02 /* Info.plist */,
				6FCFC8C02A72D703008800A8 /* Constaints.swift */,
				6F6066992A8E6E0B0029FDFD /* UIBlock.swift */,
			);
			path = pictureTape;
			sourceTree = "<group>";
		};
		6FB597202A5C60FA00B6E367 /* ImageList */ = {
			isa = PBXGroup;
			children = (
				6F9653822A51EFD10050FD02 /* ImageListViewController.swift */,
				6FB5971E2A5C60CB00B6E367 /* ImageListCell.swift */,
				6FFC458C2ABA000800F217B3 /* ImagesListService.swift */,
				6FC49B0D2AC9AE9F000B08BC /* ImageListStructrs.swift */,
				6F03201C2A67B83E00F9971A /* SingleImageViewController.swift */,
			);
			path = ImageList;
			sourceTree = "<group>";
		};
		6FB77B522A7E38B9000EA48A /* Auth */ = {
			isa = PBXGroup;
			children = (
				6FB77B502A7E386C000EA48A /* AuthViewController.swift */,
				6FB77B532A7E39BC000EA48A /* WebViewViewController.swift */,
				6FF3E29C2AD99A83008A7835 /* WebViewPresenter.swift */,
				6FB77B582A81F803000EA48A /* OAuth2Service.swift */,
				6FB77B5A2A8281A6000EA48A /* OAuth2TokenStorage.swift */,
				6FB77B562A814636000EA48A /* OAuthTokenResponseBody.swift */,
			);
			path = Auth;
			sourceTree = "<group>";
		};
		6FB77B552A7E4406000EA48A /* baseDelegetes */ = {
			isa = PBXGroup;
			children = (
				6F96537E2A51EFD10050FD02 /* AppDelegate.swift */,
				6F9653802A51EFD10050FD02 /* SceneDelegate.swift */,
			);
			path = baseDelegetes;
			sourceTree = "<group>";
		};
/* End PBXGroup section */

/* Begin PBXNativeTarget section */
		6F96537A2A51EFD10050FD02 /* pictureTape */ = {
			isa = PBXNativeTarget;
			buildConfigurationList = 6F96538F2A51EFD30050FD02 /* Build configuration list for PBXNativeTarget "pictureTape" */;
			buildPhases = (
				6F9653772A51EFD10050FD02 /* Sources */,
				6F9653782A51EFD10050FD02 /* Frameworks */,
				6F9653792A51EFD10050FD02 /* Resources */,
			);
			buildRules = (
			);
			dependencies = (
			);
			name = pictureTape;
			packageProductDependencies = (
				6F6066972A8DECF70029FDFD /* ProgressHUD */,
				6F55DBE32A8E737300DE8CEB /* ProgressHUD */,
				BF34EE062AA1EF6A00754438 /* ProgressHUD */,
				BF34EE092AA1EF7500754438 /* Kingfisher */,
				BF34EE0C2AA1EF7E00754438 /* SwiftKeychainWrapper */,
			);
			productName = pictureTape;
			productReference = 6F96537B2A51EFD10050FD02 /* pictureTape.app */;
			productType = "com.apple.product-type.application";
		};
		6FFC45912ABC56B400F217B3 /* pictureTapeTests */ = {
			isa = PBXNativeTarget;
			buildConfigurationList = 6FFC459A2ABC56B400F217B3 /* Build configuration list for PBXNativeTarget "pictureTapeTests" */;
			buildPhases = (
				6FFC458E2ABC56B400F217B3 /* Sources */,
				6FFC458F2ABC56B400F217B3 /* Frameworks */,
				6FFC45902ABC56B400F217B3 /* Resources */,
			);
			buildRules = (
			);
			dependencies = (
				6FFC45972ABC56B400F217B3 /* PBXTargetDependency */,
			);
			name = pictureTapeTests;
			productName = pictureTapeTests;
			productReference = 6FFC45922ABC56B400F217B3 /* pictureTapeTests.xctest */;
			productType = "com.apple.product-type.bundle.unit-test";
		};
/* End PBXNativeTarget section */

/* Begin PBXProject section */
		6F9653732A51EFD10050FD02 /* Project object */ = {
			isa = PBXProject;
			attributes = {
				BuildIndependentTargetsInParallel = 1;
				LastSwiftUpdateCheck = 1500;
				LastUpgradeCheck = 1500;
				TargetAttributes = {
					6F96537A2A51EFD10050FD02 = {
						CreatedOnToolsVersion = 15.0;
					};
					6FFC45912ABC56B400F217B3 = {
						CreatedOnToolsVersion = 15.0;
						TestTargetID = 6F96537A2A51EFD10050FD02;
					};
				};
			};
			buildConfigurationList = 6F9653762A51EFD10050FD02 /* Build configuration list for PBXProject "pictureTape" */;
			compatibilityVersion = "Xcode 13.0";
			developmentRegion = en;
			hasScannedForEncodings = 0;
			knownRegions = (
				en,
				Base,
			);
			mainGroup = 6F9653722A51EFD10050FD02;
			packageReferences = (
				BF34EE052AA1EF6A00754438 /* XCRemoteSwiftPackageReference "ProgressHUD" */,
				BF34EE082AA1EF7500754438 /* XCRemoteSwiftPackageReference "Kingfisher" */,
				BF34EE0B2AA1EF7E00754438 /* XCRemoteSwiftPackageReference "SwiftKeychainWrapper" */,
			);
			productRefGroup = 6F96537C2A51EFD10050FD02 /* Products */;
			projectDirPath = "";
			projectRoot = "";
			targets = (
				6F96537A2A51EFD10050FD02 /* pictureTape */,
				6FFC45912ABC56B400F217B3 /* pictureTapeTests */,
			);
		};
/* End PBXProject section */

/* Begin PBXResourcesBuildPhase section */
		6F9653792A51EFD10050FD02 /* Resources */ = {
			isa = PBXResourcesBuildPhase;
			buildActionMask = 2147483647;
			files = (
				6F96538B2A51EFD30050FD02 /* LaunchScreen.storyboard in Resources */,
				6F9653882A51EFD30050FD02 /* Assets.xcassets in Resources */,
				6F9653862A51EFD10050FD02 /* Main.storyboard in Resources */,
			);
			runOnlyForDeploymentPostprocessing = 0;
		};
		6FFC45902ABC56B400F217B3 /* Resources */ = {
			isa = PBXResourcesBuildPhase;
			buildActionMask = 2147483647;
			files = (
			);
			runOnlyForDeploymentPostprocessing = 0;
		};
/* End PBXResourcesBuildPhase section */

/* Begin PBXSourcesBuildPhase section */
		6F9653772A51EFD10050FD02 /* Sources */ = {
			isa = PBXSourcesBuildPhase;
			buildActionMask = 2147483647;
			files = (
				6FB77B5B2A8281A6000EA48A /* OAuth2TokenStorage.swift in Sources */,
				6F51B2CE2A9358CE00B5712E /* ProfileService.swift in Sources */,
				6F9653832A51EFD10050FD02 /* ImageListViewController.swift in Sources */,
				6FC49B0E2AC9AE9F000B08BC /* ImageListStructrs.swift in Sources */,
				6F4F55652A9CD477006DE6E0 /* TabBarController.swift in Sources */,
				6FB5971F2A5C60CB00B6E367 /* ImageListCell.swift in Sources */,
				6F6852AF2A63E9850060C41E /* ProfileViewController.swift in Sources */,
				6FCFC8C12A72D703008800A8 /* Constaints.swift in Sources */,
				6F51B2D12A9503E500B5712E /* ProfileImageService.swift in Sources */,
				6FB77B592A81F803000EA48A /* OAuth2Service.swift in Sources */,
				6F58002A2A8A07D700C76D3D /* URL_and_Network.swift in Sources */,
				6F5C30672A87CBE5003E7FBE /* SplashViewController.swift in Sources */,
				6FB77B572A814636000EA48A /* OAuthTokenResponseBody.swift in Sources */,
				6FB77B512A7E386C000EA48A /* AuthViewController.swift in Sources */,
				6F96537F2A51EFD10050FD02 /* AppDelegate.swift in Sources */,
				6FFC458D2ABA000800F217B3 /* ImagesListService.swift in Sources */,
				6FF3E29D2AD99A83008A7835 /* WebViewPresenter.swift in Sources */,
				6F03201D2A67B83E00F9971A /* SingleImageViewController.swift in Sources */,
				6FB77B542A7E39BC000EA48A /* WebViewViewController.swift in Sources */,
				6F9653812A51EFD10050FD02 /* SceneDelegate.swift in Sources */,
				6F60669A2A8E6E0B0029FDFD /* UIBlock.swift in Sources */,
			);
			runOnlyForDeploymentPostprocessing = 0;
		};
		6FFC458E2ABC56B400F217B3 /* Sources */ = {
			isa = PBXSourcesBuildPhase;
			buildActionMask = 2147483647;
			files = (
			);
			runOnlyForDeploymentPostprocessing = 0;
		};
/* End PBXSourcesBuildPhase section */

/* Begin PBXTargetDependency section */
		6FFC45972ABC56B400F217B3 /* PBXTargetDependency */ = {
			isa = PBXTargetDependency;
			target = 6F96537A2A51EFD10050FD02 /* pictureTape */;
			targetProxy = 6FFC45962ABC56B400F217B3 /* PBXContainerItemProxy */;
		};
/* End PBXTargetDependency section */

/* Begin PBXVariantGroup section */
		6F9653842A51EFD10050FD02 /* Main.storyboard */ = {
			isa = PBXVariantGroup;
			children = (
				6F9653852A51EFD10050FD02 /* Base */,
			);
			name = Main.storyboard;
			sourceTree = "<group>";
		};
		6F9653892A51EFD30050FD02 /* LaunchScreen.storyboard */ = {
			isa = PBXVariantGroup;
			children = (
				6F96538A2A51EFD30050FD02 /* Base */,
			);
			name = LaunchScreen.storyboard;
			sourceTree = "<group>";
		};
/* End PBXVariantGroup section */

/* Begin XCBuildConfiguration section */
		6F96538D2A51EFD30050FD02 /* Debug */ = {
			isa = XCBuildConfiguration;
			buildSettings = {
				ALWAYS_SEARCH_USER_PATHS = NO;
				ASSETCATALOG_COMPILER_GENERATE_SWIFT_ASSET_SYMBOL_EXTENSIONS = YES;
				CLANG_ANALYZER_NONNULL = YES;
				CLANG_ANALYZER_NUMBER_OBJECT_CONVERSION = YES_AGGRESSIVE;
				CLANG_CXX_LANGUAGE_STANDARD = "gnu++20";
				CLANG_ENABLE_MODULES = YES;
				CLANG_ENABLE_OBJC_ARC = YES;
				CLANG_ENABLE_OBJC_WEAK = YES;
				CLANG_WARN_BLOCK_CAPTURE_AUTORELEASING = YES;
				CLANG_WARN_BOOL_CONVERSION = YES;
				CLANG_WARN_COMMA = YES;
				CLANG_WARN_CONSTANT_CONVERSION = YES;
				CLANG_WARN_DEPRECATED_OBJC_IMPLEMENTATIONS = YES;
				CLANG_WARN_DIRECT_OBJC_ISA_USAGE = YES_ERROR;
				CLANG_WARN_DOCUMENTATION_COMMENTS = YES;
				CLANG_WARN_EMPTY_BODY = YES;
				CLANG_WARN_ENUM_CONVERSION = YES;
				CLANG_WARN_INFINITE_RECURSION = YES;
				CLANG_WARN_INT_CONVERSION = YES;
				CLANG_WARN_NON_LITERAL_NULL_CONVERSION = YES;
				CLANG_WARN_OBJC_IMPLICIT_RETAIN_SELF = YES;
				CLANG_WARN_OBJC_LITERAL_CONVERSION = YES;
				CLANG_WARN_OBJC_ROOT_CLASS = YES_ERROR;
				CLANG_WARN_QUOTED_INCLUDE_IN_FRAMEWORK_HEADER = YES;
				CLANG_WARN_RANGE_LOOP_ANALYSIS = YES;
				CLANG_WARN_STRICT_PROTOTYPES = YES;
				CLANG_WARN_SUSPICIOUS_MOVE = YES;
				CLANG_WARN_UNGUARDED_AVAILABILITY = YES_AGGRESSIVE;
				CLANG_WARN_UNREACHABLE_CODE = YES;
				CLANG_WARN__DUPLICATE_METHOD_MATCH = YES;
				COPY_PHASE_STRIP = NO;
				DEBUG_INFORMATION_FORMAT = dwarf;
				ENABLE_STRICT_OBJC_MSGSEND = YES;
				ENABLE_TESTABILITY = YES;
				ENABLE_USER_SCRIPT_SANDBOXING = YES;
				GCC_C_LANGUAGE_STANDARD = gnu17;
				GCC_DYNAMIC_NO_PIC = NO;
				GCC_NO_COMMON_BLOCKS = YES;
				GCC_OPTIMIZATION_LEVEL = 0;
				GCC_PREPROCESSOR_DEFINITIONS = (
					"DEBUG=1",
					"$(inherited)",
				);
				GCC_WARN_64_TO_32_BIT_CONVERSION = YES;
				GCC_WARN_ABOUT_RETURN_TYPE = YES_ERROR;
				GCC_WARN_UNDECLARED_SELECTOR = YES;
				GCC_WARN_UNINITIALIZED_AUTOS = YES_AGGRESSIVE;
				GCC_WARN_UNUSED_FUNCTION = YES;
				GCC_WARN_UNUSED_VARIABLE = YES;
				IPHONEOS_DEPLOYMENT_TARGET = 16.6;
				LOCALIZATION_PREFERS_STRING_CATALOGS = YES;
				MTL_ENABLE_DEBUG_INFO = INCLUDE_SOURCE;
				MTL_FAST_MATH = YES;
				ONLY_ACTIVE_ARCH = YES;
				SDKROOT = iphoneos;
				SWIFT_ACTIVE_COMPILATION_CONDITIONS = "DEBUG $(inherited)";
				SWIFT_OPTIMIZATION_LEVEL = "-Onone";
			};
			name = Debug;
		};
		6F96538E2A51EFD30050FD02 /* Release */ = {
			isa = XCBuildConfiguration;
			buildSettings = {
				ALWAYS_SEARCH_USER_PATHS = NO;
				ASSETCATALOG_COMPILER_GENERATE_SWIFT_ASSET_SYMBOL_EXTENSIONS = YES;
				CLANG_ANALYZER_NONNULL = YES;
				CLANG_ANALYZER_NUMBER_OBJECT_CONVERSION = YES_AGGRESSIVE;
				CLANG_CXX_LANGUAGE_STANDARD = "gnu++20";
				CLANG_ENABLE_MODULES = YES;
				CLANG_ENABLE_OBJC_ARC = YES;
				CLANG_ENABLE_OBJC_WEAK = YES;
				CLANG_WARN_BLOCK_CAPTURE_AUTORELEASING = YES;
				CLANG_WARN_BOOL_CONVERSION = YES;
				CLANG_WARN_COMMA = YES;
				CLANG_WARN_CONSTANT_CONVERSION = YES;
				CLANG_WARN_DEPRECATED_OBJC_IMPLEMENTATIONS = YES;
				CLANG_WARN_DIRECT_OBJC_ISA_USAGE = YES_ERROR;
				CLANG_WARN_DOCUMENTATION_COMMENTS = YES;
				CLANG_WARN_EMPTY_BODY = YES;
				CLANG_WARN_ENUM_CONVERSION = YES;
				CLANG_WARN_INFINITE_RECURSION = YES;
				CLANG_WARN_INT_CONVERSION = YES;
				CLANG_WARN_NON_LITERAL_NULL_CONVERSION = YES;
				CLANG_WARN_OBJC_IMPLICIT_RETAIN_SELF = YES;
				CLANG_WARN_OBJC_LITERAL_CONVERSION = YES;
				CLANG_WARN_OBJC_ROOT_CLASS = YES_ERROR;
				CLANG_WARN_QUOTED_INCLUDE_IN_FRAMEWORK_HEADER = YES;
				CLANG_WARN_RANGE_LOOP_ANALYSIS = YES;
				CLANG_WARN_STRICT_PROTOTYPES = YES;
				CLANG_WARN_SUSPICIOUS_MOVE = YES;
				CLANG_WARN_UNGUARDED_AVAILABILITY = YES_AGGRESSIVE;
				CLANG_WARN_UNREACHABLE_CODE = YES;
				CLANG_WARN__DUPLICATE_METHOD_MATCH = YES;
				COPY_PHASE_STRIP = NO;
				DEBUG_INFORMATION_FORMAT = "dwarf-with-dsym";
				ENABLE_NS_ASSERTIONS = NO;
				ENABLE_STRICT_OBJC_MSGSEND = YES;
				ENABLE_USER_SCRIPT_SANDBOXING = YES;
				GCC_C_LANGUAGE_STANDARD = gnu17;
				GCC_NO_COMMON_BLOCKS = YES;
				GCC_WARN_64_TO_32_BIT_CONVERSION = YES;
				GCC_WARN_ABOUT_RETURN_TYPE = YES_ERROR;
				GCC_WARN_UNDECLARED_SELECTOR = YES;
				GCC_WARN_UNINITIALIZED_AUTOS = YES_AGGRESSIVE;
				GCC_WARN_UNUSED_FUNCTION = YES;
				GCC_WARN_UNUSED_VARIABLE = YES;
				IPHONEOS_DEPLOYMENT_TARGET = 16.6;
				LOCALIZATION_PREFERS_STRING_CATALOGS = YES;
				MTL_ENABLE_DEBUG_INFO = NO;
				MTL_FAST_MATH = YES;
				SDKROOT = iphoneos;
				SWIFT_COMPILATION_MODE = wholemodule;
				VALIDATE_PRODUCT = YES;
			};
			name = Release;
		};
		6F9653902A51EFD30050FD02 /* Debug */ = {
			isa = XCBuildConfiguration;
			buildSettings = {
				ASSETCATALOG_COMPILER_APPICON_NAME = AppIcon;
				ASSETCATALOG_COMPILER_GLOBAL_ACCENT_COLOR_NAME = AccentColor;
				CODE_SIGN_STYLE = Automatic;
				CURRENT_PROJECT_VERSION = 1;
				DEVELOPMENT_TEAM = 39MSBT7ZQZ;
				GENERATE_INFOPLIST_FILE = YES;
				INFOPLIST_FILE = pictureTape/Info.plist;
				INFOPLIST_KEY_UIApplicationSupportsIndirectInputEvents = YES;
				INFOPLIST_KEY_UILaunchStoryboardName = LaunchScreen;
				INFOPLIST_KEY_UIMainStoryboardFile = Main;
				INFOPLIST_KEY_UISupportedInterfaceOrientations_iPad = "UIInterfaceOrientationPortrait UIInterfaceOrientationPortraitUpsideDown UIInterfaceOrientationLandscapeLeft UIInterfaceOrientationLandscapeRight";
				INFOPLIST_KEY_UISupportedInterfaceOrientations_iPhone = UIInterfaceOrientationPortrait;
				IPHONEOS_DEPLOYMENT_TARGET = 13.0;
				LD_RUNPATH_SEARCH_PATHS = (
					"$(inherited)",
					"@executable_path/Frameworks",
				);
				MARKETING_VERSION = 1.0;
				PRODUCT_BUNDLE_IDENTIFIER = com.vovameister.pictureTape;
				PRODUCT_NAME = "$(TARGET_NAME)";
				SUPPORTED_PLATFORMS = "iphoneos iphonesimulator";
				SUPPORTS_MACCATALYST = NO;
				SUPPORTS_MAC_DESIGNED_FOR_IPHONE_IPAD = NO;
				SWIFT_EMIT_LOC_STRINGS = YES;
				SWIFT_VERSION = 5.0;
				TARGETED_DEVICE_FAMILY = 1;
			};
			name = Debug;
		};
		6F9653912A51EFD30050FD02 /* Release */ = {
			isa = XCBuildConfiguration;
			buildSettings = {
				ASSETCATALOG_COMPILER_APPICON_NAME = AppIcon;
				ASSETCATALOG_COMPILER_GLOBAL_ACCENT_COLOR_NAME = AccentColor;
				CODE_SIGN_STYLE = Automatic;
				CURRENT_PROJECT_VERSION = 1;
				DEVELOPMENT_TEAM = 39MSBT7ZQZ;
				GENERATE_INFOPLIST_FILE = YES;
				INFOPLIST_FILE = pictureTape/Info.plist;
				INFOPLIST_KEY_UIApplicationSupportsIndirectInputEvents = YES;
				INFOPLIST_KEY_UILaunchStoryboardName = LaunchScreen;
				INFOPLIST_KEY_UIMainStoryboardFile = Main;
				INFOPLIST_KEY_UISupportedInterfaceOrientations_iPad = "UIInterfaceOrientationPortrait UIInterfaceOrientationPortraitUpsideDown UIInterfaceOrientationLandscapeLeft UIInterfaceOrientationLandscapeRight";
				INFOPLIST_KEY_UISupportedInterfaceOrientations_iPhone = UIInterfaceOrientationPortrait;
				IPHONEOS_DEPLOYMENT_TARGET = 13.0;
				LD_RUNPATH_SEARCH_PATHS = (
					"$(inherited)",
					"@executable_path/Frameworks",
				);
				MARKETING_VERSION = 1.0;
				PRODUCT_BUNDLE_IDENTIFIER = com.vovameister.pictureTape;
				PRODUCT_NAME = "$(TARGET_NAME)";
				SUPPORTED_PLATFORMS = "iphoneos iphonesimulator";
				SUPPORTS_MACCATALYST = NO;
				SUPPORTS_MAC_DESIGNED_FOR_IPHONE_IPAD = NO;
				SWIFT_EMIT_LOC_STRINGS = YES;
				SWIFT_VERSION = 5.0;
				TARGETED_DEVICE_FAMILY = 1;
			};
			name = Release;
		};
		6FFC45982ABC56B400F217B3 /* Debug */ = {
			isa = XCBuildConfiguration;
			buildSettings = {
				BUNDLE_LOADER = "$(TEST_HOST)";
				CODE_SIGN_STYLE = Automatic;
				CURRENT_PROJECT_VERSION = 1;
				DEVELOPMENT_TEAM = 39MSBT7ZQZ;
				GENERATE_INFOPLIST_FILE = YES;
				IPHONEOS_DEPLOYMENT_TARGET = 17.0;
				MARKETING_VERSION = 1.0;
				PRODUCT_BUNDLE_IDENTIFIER = com.vovameister.pictureTapeTests;
				PRODUCT_NAME = "$(TARGET_NAME)";
				SWIFT_EMIT_LOC_STRINGS = NO;
				SWIFT_VERSION = 5.0;
				TARGETED_DEVICE_FAMILY = "1,2";
				TEST_HOST = "$(BUILT_PRODUCTS_DIR)/pictureTape.app/$(BUNDLE_EXECUTABLE_FOLDER_PATH)/pictureTape";
			};
			name = Debug;
		};
		6FFC45992ABC56B400F217B3 /* Release */ = {
			isa = XCBuildConfiguration;
			buildSettings = {
				BUNDLE_LOADER = "$(TEST_HOST)";
				CODE_SIGN_STYLE = Automatic;
				CURRENT_PROJECT_VERSION = 1;
				DEVELOPMENT_TEAM = 39MSBT7ZQZ;
				GENERATE_INFOPLIST_FILE = YES;
				IPHONEOS_DEPLOYMENT_TARGET = 17.0;
				MARKETING_VERSION = 1.0;
				PRODUCT_BUNDLE_IDENTIFIER = com.vovameister.pictureTapeTests;
				PRODUCT_NAME = "$(TARGET_NAME)";
				SWIFT_EMIT_LOC_STRINGS = NO;
				SWIFT_VERSION = 5.0;
				TARGETED_DEVICE_FAMILY = "1,2";
				TEST_HOST = "$(BUILT_PRODUCTS_DIR)/pictureTape.app/$(BUNDLE_EXECUTABLE_FOLDER_PATH)/pictureTape";
			};
			name = Release;
		};
/* End XCBuildConfiguration section */

/* Begin XCConfigurationList section */
		6F9653762A51EFD10050FD02 /* Build configuration list for PBXProject "pictureTape" */ = {
			isa = XCConfigurationList;
			buildConfigurations = (
				6F96538D2A51EFD30050FD02 /* Debug */,
				6F96538E2A51EFD30050FD02 /* Release */,
			);
			defaultConfigurationIsVisible = 0;
			defaultConfigurationName = Release;
		};
		6F96538F2A51EFD30050FD02 /* Build configuration list for PBXNativeTarget "pictureTape" */ = {
			isa = XCConfigurationList;
			buildConfigurations = (
				6F9653902A51EFD30050FD02 /* Debug */,
				6F9653912A51EFD30050FD02 /* Release */,
			);
			defaultConfigurationIsVisible = 0;
			defaultConfigurationName = Release;
		};
		6FFC459A2ABC56B400F217B3 /* Build configuration list for PBXNativeTarget "pictureTapeTests" */ = {
			isa = XCConfigurationList;
			buildConfigurations = (
				6FFC45982ABC56B400F217B3 /* Debug */,
				6FFC45992ABC56B400F217B3 /* Release */,
			);
			defaultConfigurationIsVisible = 0;
			defaultConfigurationName = Release;
		};
/* End XCConfigurationList section */

/* Begin XCRemoteSwiftPackageReference section */
		BF34EE052AA1EF6A00754438 /* XCRemoteSwiftPackageReference "ProgressHUD" */ = {
			isa = XCRemoteSwiftPackageReference;
			repositoryURL = "https://github.com/relatedcode/ProgressHUD";
			requirement = {
				kind = upToNextMajorVersion;
				minimumVersion = 13.7.2;
			};
		};
		BF34EE082AA1EF7500754438 /* XCRemoteSwiftPackageReference "Kingfisher" */ = {
			isa = XCRemoteSwiftPackageReference;
			repositoryURL = "https://github.com/onevcat/Kingfisher";
			requirement = {
				kind = upToNextMajorVersion;
				minimumVersion = 7.9.1;
			};
		};
		BF34EE0B2AA1EF7E00754438 /* XCRemoteSwiftPackageReference "SwiftKeychainWrapper" */ = {
			isa = XCRemoteSwiftPackageReference;
			repositoryURL = "https://github.com/jrendel/SwiftKeychainWrapper";
			requirement = {
				kind = upToNextMajorVersion;
				minimumVersion = 4.0.1;
			};
		};
/* End XCRemoteSwiftPackageReference section */

/* Begin XCSwiftPackageProductDependency section */
		6F55DBE32A8E737300DE8CEB /* ProgressHUD */ = {
			isa = XCSwiftPackageProductDependency;
			productName = ProgressHUD;
		};
		6F6066972A8DECF70029FDFD /* ProgressHUD */ = {
			isa = XCSwiftPackageProductDependency;
			productName = ProgressHUD;
		};
		BF34EE062AA1EF6A00754438 /* ProgressHUD */ = {
			isa = XCSwiftPackageProductDependency;
			package = BF34EE052AA1EF6A00754438 /* XCRemoteSwiftPackageReference "ProgressHUD" */;
			productName = ProgressHUD;
		};
		BF34EE092AA1EF7500754438 /* Kingfisher */ = {
			isa = XCSwiftPackageProductDependency;
			package = BF34EE082AA1EF7500754438 /* XCRemoteSwiftPackageReference "Kingfisher" */;
			productName = Kingfisher;
		};
		BF34EE0C2AA1EF7E00754438 /* SwiftKeychainWrapper */ = {
			isa = XCSwiftPackageProductDependency;
			package = BF34EE0B2AA1EF7E00754438 /* XCRemoteSwiftPackageReference "SwiftKeychainWrapper" */;
			productName = SwiftKeychainWrapper;
		};
/* End XCSwiftPackageProductDependency section */
	};
	rootObject = 6F9653732A51EFD10050FD02 /* Project object */;
}
